// !$*UTF8*$!
{
	archiveVersion = 1;
	classes = {
	};
	objectVersion = 46;
	objects = {

/* Begin PBXFileReference section */
		AA389EF116811A9B00F5BE56 /* app.yaml */ = {isa = PBXFileReference; lastKnownFileType = text; name = app.yaml; path = ../app.yaml; sourceTree = "<group>"; };
		AA389EF316811A9B00F5BE56 /* bootstrap-responsive.css */ = {isa = PBXFileReference; lastKnownFileType = text.css; path = "bootstrap-responsive.css"; sourceTree = "<group>"; };
		AA389EF416811A9B00F5BE56 /* bootstrap-responsive.min.css */ = {isa = PBXFileReference; lastKnownFileType = text.css; path = "bootstrap-responsive.min.css"; sourceTree = "<group>"; };
		AA389EF516811A9B00F5BE56 /* bootstrap.css */ = {isa = PBXFileReference; lastKnownFileType = text.css; path = bootstrap.css; sourceTree = "<group>"; };
		AA389EF616811A9B00F5BE56 /* bootstrap.min.css */ = {isa = PBXFileReference; lastKnownFileType = text.css; path = bootstrap.min.css; sourceTree = "<group>"; };
		AA389EF716811A9B00F5BE56 /* datepicker.css */ = {isa = PBXFileReference; lastKnownFileType = text.css; path = datepicker.css; sourceTree = "<group>"; };
		AA389EF816811A9B00F5BE56 /* docs.css */ = {isa = PBXFileReference; lastKnownFileType = text.css; path = docs.css; sourceTree = "<group>"; };
		AA389EF916811A9B00F5BE56 /* favicon.ico */ = {isa = PBXFileReference; lastKnownFileType = image.ico; name = favicon.ico; path = ../favicon.ico; sourceTree = "<group>"; };
		AA389EFB16811A9B00F5BE56 /* cat.xml */ = {isa = PBXFileReference; lastKnownFileType = text.xml; path = cat.xml; sourceTree = "<group>"; };
		AA389EFC16811A9B00F5BE56 /* cat.xml */ = {isa = PBXFileReference; lastKnownFileType = text.xml; name = cat.xml; path = ../file/cat.xml; sourceTree = "<group>"; };
		AA389EFE16811A9B00F5BE56 /* bg.png */ = {isa = PBXFileReference; lastKnownFileType = image.png; path = bg.png; sourceTree = "<group>"; };
		AA389EFF16811A9B00F5BE56 /* glyphicons-halflings-white.png */ = {isa = PBXFileReference; lastKnownFileType = image.png; path = "glyphicons-halflings-white.png"; sourceTree = "<group>"; };
		AA389F0016811A9B00F5BE56 /* glyphicons-halflings.png */ = {isa = PBXFileReference; lastKnownFileType = image.png; path = "glyphicons-halflings.png"; sourceTree = "<group>"; };
		AA389F0116811A9B00F5BE56 /* ny.jpg */ = {isa = PBXFileReference; lastKnownFileType = image.jpeg; path = ny.jpg; sourceTree = "<group>"; };
		AA389F0216811A9C00F5BE56 /* index.html */ = {isa = PBXFileReference; lastKnownFileType = text.html; name = index.html; path = ../index.html; sourceTree = "<group>"; };
		AA389F0316811A9C00F5BE56 /* index.yaml */ = {isa = PBXFileReference; lastKnownFileType = text; name = index.yaml; path = ../index.yaml; sourceTree = "<group>"; };
		AA389F0516811A9C00F5BE56 /* bootstrap-datepicker.js */ = {isa = PBXFileReference; lastKnownFileType = sourcecode.javascript; path = "bootstrap-datepicker.js"; sourceTree = "<group>"; };
		AA389F0616811A9C00F5BE56 /* bootstrap.js */ = {isa = PBXFileReference; lastKnownFileType = sourcecode.javascript; path = bootstrap.js; sourceTree = "<group>"; };
		AA389F0716811A9C00F5BE56 /* bootstrap.min.js */ = {isa = PBXFileReference; lastKnownFileType = sourcecode.javascript; path = bootstrap.min.js; sourceTree = "<group>"; };
		AA389F0816811A9C00F5BE56 /* prettify.js */ = {isa = PBXFileReference; lastKnownFileType = sourcecode.javascript; path = prettify.js; sourceTree = "<group>"; };
		AA389F0916811A9C00F5BE56 /* bootstrap-datepicker.js */ = {isa = PBXFileReference; lastKnownFileType = sourcecode.javascript; name = "bootstrap-datepicker.js"; path = "../js/bootstrap-datepicker.js"; sourceTree = "<group>"; };
		AA389F0A16811A9C00F5BE56 /* bootstrap.js */ = {isa = PBXFileReference; lastKnownFileType = sourcecode.javascript; name = bootstrap.js; path = ../js/bootstrap.js; sourceTree = "<group>"; };
		AA389F0B16811A9C00F5BE56 /* bootstrap.min.js */ = {isa = PBXFileReference; lastKnownFileType = sourcecode.javascript; name = bootstrap.min.js; path = ../js/bootstrap.min.js; sourceTree = "<group>"; };
		AA389F0C16811A9C00F5BE56 /* prettify.js */ = {isa = PBXFileReference; lastKnownFileType = sourcecode.javascript; name = prettify.js; path = ../js/prettify.js; sourceTree = "<group>"; };
		AA389F0E16811A9C00F5BE56 /* datepicker.less */ = {isa = PBXFileReference; lastKnownFileType = text; path = datepicker.less; sourceTree = "<group>"; };
		AA389F0F16811A9C00F5BE56 /* README */ = {isa = PBXFileReference; lastKnownFileType = text; name = README; path = ../README; sourceTree = "<group>"; };
		AA389F1116811A9C00F5BE56 /* category_view.html */ = {isa = PBXFileReference; lastKnownFileType = text.html; path = category_view.html; sourceTree = "<group>"; };
		AA389F1316811A9C00F5BE56 /* Voting.xcodeproj */ = {isa = PBXFileReference; lastKnownFileType = "wrapper.pb-project"; path = Voting.xcodeproj; sourceTree = "<group>"; };
		AA389F1716811A9C00F5BE56 /* voting.py */ = {isa = PBXFileReference; lastKnownFileType = text.script.python; name = voting.py; path = ../voting.py; sourceTree = "<group>"; };
		AA389F1816811A9C00F5BE56 /* voting.pyc */ = {isa = PBXFileReference; lastKnownFileType = file; name = voting.pyc; path = ../voting.pyc; sourceTree = "<group>"; };
/* End PBXFileReference section */

/* Begin PBXGroup section */
		AA389EE816811A8600F5BE56 = {
			isa = PBXGroup;
			children = (
				AA389EF116811A9B00F5BE56 /* app.yaml */,
				AA389EF216811A9B00F5BE56 /* css */,
				AA389EF916811A9B00F5BE56 /* favicon.ico */,
				AA389EFA16811A9B00F5BE56 /* file */,
				AA389EFC16811A9B00F5BE56 /* cat.xml */,
				AA389EFD16811A9B00F5BE56 /* img */,
				AA389F0316811A9C00F5BE56 /* index.yaml */,
				AA389F0416811A9C00F5BE56 /* js */,
				AA389F0916811A9C00F5BE56 /* bootstrap-datepicker.js */,
				AA389F0A16811A9C00F5BE56 /* bootstrap.js */,
				AA389F0B16811A9C00F5BE56 /* bootstrap.min.js */,
				AA389F0C16811A9C00F5BE56 /* prettify.js */,
				AA389F0D16811A9C00F5BE56 /* less */,
				AA389F0F16811A9C00F5BE56 /* README */,
				AA389F1016811A9C00F5BE56 /* view */,
				AA389F1216811A9C00F5BE56 /* Voting */,
				AA389F1716811A9C00F5BE56 /* voting.py */,
				AA389F1816811A9C00F5BE56 /* voting.pyc */,
			);
			sourceTree = "<group>";
		};
		AA389EF216811A9B00F5BE56 /* css */ = {
			isa = PBXGroup;
			children = (
				AA389EF316811A9B00F5BE56 /* bootstrap-responsive.css */,
				AA389EF416811A9B00F5BE56 /* bootstrap-responsive.min.css */,
				AA389EF516811A9B00F5BE56 /* bootstrap.css */,
				AA389EF616811A9B00F5BE56 /* bootstrap.min.css */,
				AA389EF716811A9B00F5BE56 /* datepicker.css */,
				AA389EF816811A9B00F5BE56 /* docs.css */,
			);
			name = css;
			path = ../css;
			sourceTree = "<group>";
		};
		AA389EFA16811A9B00F5BE56 /* file */ = {
			isa = PBXGroup;
			children = (
				AA389EFB16811A9B00F5BE56 /* cat.xml */,
			);
			name = file;
			path = ../file;
			sourceTree = "<group>";
		};
		AA389EFD16811A9B00F5BE56 /* img */ = {
			isa = PBXGroup;
			children = (
				AA389EFE16811A9B00F5BE56 /* bg.png */,
				AA389EFF16811A9B00F5BE56 /* glyphicons-halflings-white.png */,
				AA389F0016811A9B00F5BE56 /* glyphicons-halflings.png */,
				AA389F0116811A9B00F5BE56 /* ny.jpg */,
			);
			name = img;
			path = ../img;
			sourceTree = "<group>";
		};
		AA389F0416811A9C00F5BE56 /* js */ = {
			isa = PBXGroup;
			children = (
				AA389F0516811A9C00F5BE56 /* bootstrap-datepicker.js */,
				AA389F0616811A9C00F5BE56 /* bootstrap.js */,
				AA389F0716811A9C00F5BE56 /* bootstrap.min.js */,
				AA389F0816811A9C00F5BE56 /* prettify.js */,
			);
			name = js;
			path = ../js;
			sourceTree = "<group>";
		};
		AA389F0D16811A9C00F5BE56 /* less */ = {
			isa = PBXGroup;
			children = (
				AA389F0E16811A9C00F5BE56 /* datepicker.less */,
			);
			name = less;
			path = ../less;
			sourceTree = "<group>";
		};
		AA389F1016811A9C00F5BE56 /* view */ = {
			isa = PBXGroup;
			children = (
				AA389F0216811A9C00F5BE56 /* index.html */,
				AA389F1116811A9C00F5BE56 /* category_view.html */,
			);
			name = view;
			path = ../view;
			sourceTree = "<group>";
		};
		AA389F1216811A9C00F5BE56 /* Voting */ = {
			isa = PBXGroup;
			children = (
				AA389F1316811A9C00F5BE56 /* Voting.xcodeproj */,
			);
			name = Voting;
			sourceTree = "<group>";
		};
		AA389F1416811A9C00F5BE56 /* Products */ = {
			isa = PBXGroup;
			name = Products;
			sourceTree = "<group>";
		};
/* End PBXGroup section */

/* Begin PBXProject section */
		AA389EEA16811A8600F5BE56 /* Project object */ = {
			isa = PBXProject;
			attributes = {
				LastUpgradeCheck = 0450;
			};
			buildConfigurationList = AA389EED16811A8600F5BE56 /* Build configuration list for PBXProject "Voting" */;
			compatibilityVersion = "Xcode 3.2";
			developmentRegion = English;
			hasScannedForEncodings = 0;
			knownRegions = (
				en,
			);
			mainGroup = AA389EE816811A8600F5BE56;
			projectDirPath = "";
			projectReferences = (
				{
					ProductGroup = AA389F1416811A9C00F5BE56 /* Products */;
					ProjectRef = AA389F1316811A9C00F5BE56 /* Voting.xcodeproj */;
				},
			);
			projectRoot = "";
			targets = (
			);
		};
/* End PBXProject section */

/* Begin XCBuildConfiguration section */
		AA389EEF16811A8600F5BE56 /* Debug */ = {
			isa = XCBuildConfiguration;
			buildSettings = {
			};
			name = Debug;
		};
		AA389EF016811A8600F5BE56 /* Release */ = {
			isa = XCBuildConfiguration;
			buildSettings = {
			};
			name = Release;
		};
/* End XCBuildConfiguration section */

/* Begin XCConfigurationList section */
		AA389EED16811A8600F5BE56 /* Build configuration list for PBXProject "Voting" */ = {
			isa = XCConfigurationList;
			buildConfigurations = (
				AA389EEF16811A8600F5BE56 /* Debug */,
				AA389EF016811A8600F5BE56 /* Release */,
			);
			defaultConfigurationIsVisible = 0;
			defaultConfigurationName = Release;
		};
/* End XCConfigurationList section */
	};
	rootObject = AA389EEA16811A8600F5BE56 /* Project object */;
}
